// !$*UTF8*$!
{
	archiveVersion = 1;
	classes = {
	};
	objectVersion = 46;
	objects = {

/* Begin PBXBuildFile section */
		03921C9A1EF1E80D00DF1757 /* main.m in Sources */ = {isa = PBXBuildFile; fileRef = 03921C991EF1E80D00DF1757 /* main.m */; };
		03921C9D1EF1E80D00DF1757 /* AppDelegate.m in Sources */ = {isa = PBXBuildFile; fileRef = 03921C9C1EF1E80D00DF1757 /* AppDelegate.m */; };
		03921CA01EF1E80D00DF1757 /* ViewController.m in Sources */ = {isa = PBXBuildFile; fileRef = 03921C9F1EF1E80D00DF1757 /* ViewController.m */; };
		03921CA51EF1E80D00DF1757 /* Assets.xcassets in Resources */ = {isa = PBXBuildFile; fileRef = 03921CA41EF1E80D00DF1757 /* Assets.xcassets */; };
		03921CA81EF1E80D00DF1757 /* LaunchScreen.storyboard in Resources */ = {isa = PBXBuildFile; fileRef = 03921CA61EF1E80D00DF1757 /* LaunchScreen.storyboard */; };
		03921CB31EF1ED0900DF1757 /* Article.m in Sources */ = {isa = PBXBuildFile; fileRef = 03921CB21EF1ED0900DF1757 /* Article.m */; };
		03921CB71EF1EF5000DF1757 /* ArticleAPI.m in Sources */ = {isa = PBXBuildFile; fileRef = 03921CB61EF1EF5000DF1757 /* ArticleAPI.m */; };
		03921CBA1EF2EE0C00DF1757 /* ArticleCollectionViewCell.m in Sources */ = {isa = PBXBuildFile; fileRef = 03921CB91EF2EE0C00DF1757 /* ArticleCollectionViewCell.m */; };
		03921CBC1EF2F77A00DF1757 /* pcap.png in Resources */ = {isa = PBXBuildFile; fileRef = 03921CBB1EF2F77A00DF1757 /* pcap.png */; };
		03921CC71EF3122B00DF1757 /* NSString+StringCleanUp.m in Sources */ = {isa = PBXBuildFile; fileRef = 03921CC61EF3122B00DF1757 /* NSString+StringCleanUp.m */; };
		03921CCB1EF31E5A00DF1757 /* UIImageView+DownloadImage.m in Sources */ = {isa = PBXBuildFile; fileRef = 03921CCA1EF31E5A00DF1757 /* UIImageView+DownloadImage.m */; };
		03921CCE1EF326C400DF1757 /* ArticleWebViewController.m in Sources */ = {isa = PBXBuildFile; fileRef = 03921CCD1EF326C400DF1757 /* ArticleWebViewController.m */; };
/* End PBXBuildFile section */

/* Begin PBXFileReference section */
		03921C951EF1E80D00DF1757 /* PCap.app */ = {isa = PBXFileReference; explicitFileType = wrapper.application; includeInIndex = 0; path = PCap.app; sourceTree = BUILT_PRODUCTS_DIR; };
		03921C991EF1E80D00DF1757 /* main.m */ = {isa = PBXFileReference; lastKnownFileType = sourcecode.c.objc; path = main.m; sourceTree = "<group>"; };
		03921C9B1EF1E80D00DF1757 /* AppDelegate.h */ = {isa = PBXFileReference; lastKnownFileType = sourcecode.c.h; path = AppDelegate.h; sourceTree = "<group>"; };
		03921C9C1EF1E80D00DF1757 /* AppDelegate.m */ = {isa = PBXFileReference; lastKnownFileType = sourcecode.c.objc; path = AppDelegate.m; sourceTree = "<group>"; };
		03921C9E1EF1E80D00DF1757 /* ViewController.h */ = {isa = PBXFileReference; lastKnownFileType = sourcecode.c.h; path = ViewController.h; sourceTree = "<group>"; };
		03921C9F1EF1E80D00DF1757 /* ViewController.m */ = {isa = PBXFileReference; lastKnownFileType = sourcecode.c.objc; path = ViewController.m; sourceTree = "<group>"; };
		03921CA41EF1E80D00DF1757 /* Assets.xcassets */ = {isa = PBXFileReference; lastKnownFileType = folder.assetcatalog; path = Assets.xcassets; sourceTree = "<group>"; };
		03921CA71EF1E80D00DF1757 /* Base */ = {isa = PBXFileReference; lastKnownFileType = file.storyboard; name = Base; path = Base.lproj/LaunchScreen.storyboard; sourceTree = "<group>"; };
		03921CA91EF1E80D00DF1757 /* Info.plist */ = {isa = PBXFileReference; lastKnownFileType = text.plist.xml; path = Info.plist; sourceTree = "<group>"; };
		03921CB21EF1ED0900DF1757 /* Article.m */ = {isa = PBXFileReference; fileEncoding = 4; lastKnownFileType = sourcecode.c.objc; path = Article.m; sourceTree = "<group>"; };
		03921CB41EF1EDB400DF1757 /* Article.h */ = {isa = PBXFileReference; lastKnownFileType = sourcecode.c.h; path = Article.h; sourceTree = "<group>"; };
		03921CB51EF1EF4000DF1757 /* ArticleAPI.h */ = {isa = PBXFileReference; lastKnownFileType = sourcecode.c.h; path = ArticleAPI.h; sourceTree = "<group>"; };
		03921CB61EF1EF5000DF1757 /* ArticleAPI.m */ = {isa = PBXFileReference; fileEncoding = 4; lastKnownFileType = sourcecode.c.objc; path = ArticleAPI.m; sourceTree = "<group>"; };
		03921CB81EF2EE0C00DF1757 /* ArticleCollectionViewCell.h */ = {isa = PBXFileReference; fileEncoding = 4; lastKnownFileType = sourcecode.c.h; path = ArticleCollectionViewCell.h; sourceTree = "<group>"; };
		03921CB91EF2EE0C00DF1757 /* ArticleCollectionViewCell.m */ = {isa = PBXFileReference; fileEncoding = 4; lastKnownFileType = sourcecode.c.objc; path = ArticleCollectionViewCell.m; sourceTree = "<group>"; };
		03921CBB1EF2F77A00DF1757 /* pcap.png */ = {isa = PBXFileReference; lastKnownFileType = image.png; path = pcap.png; sourceTree = "<group>"; };
		03921CC51EF3122B00DF1757 /* NSString+StringCleanUp.h */ = {isa = PBXFileReference; fileEncoding = 4; lastKnownFileType = sourcecode.c.h; path = "NSString+StringCleanUp.h"; sourceTree = "<group>"; };
		03921CC61EF3122B00DF1757 /* NSString+StringCleanUp.m */ = {isa = PBXFileReference; fileEncoding = 4; lastKnownFileType = sourcecode.c.objc; path = "NSString+StringCleanUp.m"; sourceTree = "<group>"; };
		03921CC91EF31E5A00DF1757 /* UIImageView+DownloadImage.h */ = {isa = PBXFileReference; fileEncoding = 4; lastKnownFileType = sourcecode.c.h; path = "UIImageView+DownloadImage.h"; sourceTree = "<group>"; };
		03921CCA1EF31E5A00DF1757 /* UIImageView+DownloadImage.m */ = {isa = PBXFileReference; fileEncoding = 4; lastKnownFileType = sourcecode.c.objc; path = "UIImageView+DownloadImage.m"; sourceTree = "<group>"; };
		03921CCC1EF326C400DF1757 /* ArticleWebViewController.h */ = {isa = PBXFileReference; fileEncoding = 4; lastKnownFileType = sourcecode.c.h; path = ArticleWebViewController.h; sourceTree = "<group>"; };
		03921CCD1EF326C400DF1757 /* ArticleWebViewController.m */ = {isa = PBXFileReference; fileEncoding = 4; lastKnownFileType = sourcecode.c.objc; path = ArticleWebViewController.m; sourceTree = "<group>"; };
/* End PBXFileReference section */

/* Begin PBXFrameworksBuildPhase section */
		03921C921EF1E80D00DF1757 /* Frameworks */ = {
			isa = PBXFrameworksBuildPhase;
			buildActionMask = 2147483647;
			files = (
			);
			runOnlyForDeploymentPostprocessing = 0;
		};
/* End PBXFrameworksBuildPhase section */

/* Begin PBXGroup section */
		03921C8C1EF1E80D00DF1757 = {
			isa = PBXGroup;
			children = (
				03921C971EF1E80D00DF1757 /* PCap */,
				03921C961EF1E80D00DF1757 /* Products */,
			);
			sourceTree = "<group>";
		};
		03921C961EF1E80D00DF1757 /* Products */ = {
			isa = PBXGroup;
			children = (
				03921C951EF1E80D00DF1757 /* PCap.app */,
			);
			name = Products;
			sourceTree = "<group>";
		};
		03921C971EF1E80D00DF1757 /* PCap */ = {
			isa = PBXGroup;
			children = (
				03921C9B1EF1E80D00DF1757 /* AppDelegate.h */,
				03921C9C1EF1E80D00DF1757 /* AppDelegate.m */,
				03921C9E1EF1E80D00DF1757 /* ViewController.h */,
				03921C9F1EF1E80D00DF1757 /* ViewController.m */,
				03921CCC1EF326C400DF1757 /* ArticleWebViewController.h */,
				03921CCD1EF326C400DF1757 /* ArticleWebViewController.m */,
				03921CB81EF2EE0C00DF1757 /* ArticleCollectionViewCell.h */,
				03921CB91EF2EE0C00DF1757 /* ArticleCollectionViewCell.m */,
				03921CB41EF1EDB400DF1757 /* Article.h */,
				03921CB21EF1ED0900DF1757 /* Article.m */,
				03921CB51EF1EF4000DF1757 /* ArticleAPI.h */,
				03921CB61EF1EF5000DF1757 /* ArticleAPI.m */,
				03921CC81EF3123100DF1757 /* Extensions */,
				03921CA41EF1E80D00DF1757 /* Assets.xcassets */,
				03921CA61EF1E80D00DF1757 /* LaunchScreen.storyboard */,
				03921CA91EF1E80D00DF1757 /* Info.plist */,
				03921CBB1EF2F77A00DF1757 /* pcap.png */,
				03921C981EF1E80D00DF1757 /* Supporting Files */,
			);
			path = PCap;
			sourceTree = "<group>";
		};
		03921C981EF1E80D00DF1757 /* Supporting Files */ = {
			isa = PBXGroup;
			children = (
				03921C991EF1E80D00DF1757 /* main.m */,
			);
			name = "Supporting Files";
			sourceTree = "<group>";
		};
		03921CC81EF3123100DF1757 /* Extensions */ = {
			isa = PBXGroup;
			children = (
				03921CC51EF3122B00DF1757 /* NSString+StringCleanUp.h */,
				03921CC61EF3122B00DF1757 /* NSString+StringCleanUp.m */,
				03921CC91EF31E5A00DF1757 /* UIImageView+DownloadImage.h */,
				03921CCA1EF31E5A00DF1757 /* UIImageView+DownloadImage.m */,
			);
			name = Extensions;
			sourceTree = "<group>";
		};
/* End PBXGroup section */

/* Begin PBXNativeTarget section */
		03921C941EF1E80D00DF1757 /* PCap */ = {
			isa = PBXNativeTarget;
			buildConfigurationList = 03921CAC1EF1E80D00DF1757 /* Build configuration list for PBXNativeTarget "PCap" */;
			buildPhases = (
				03921C911EF1E80D00DF1757 /* Sources */,
				03921C921EF1E80D00DF1757 /* Frameworks */,
				03921C931EF1E80D00DF1757 /* Resources */,
			);
			buildRules = (
			);
			dependencies = (
			);
			name = PCap;
			productName = PCap;
			productReference = 03921C951EF1E80D00DF1757 /* PCap.app */;
			productType = "com.apple.product-type.application";
		};
/* End PBXNativeTarget section */

/* Begin PBXProject section */
		03921C8D1EF1E80D00DF1757 /* Project object */ = {
			isa = PBXProject;
			attributes = {
				LastUpgradeCheck = 0830;
				ORGANIZATIONNAME = "Kasey Baughan";
				TargetAttributes = {
					03921C941EF1E80D00DF1757 = {
						CreatedOnToolsVersion = 8.3.3;
						DevelopmentTeam = F9E934J8Z2;
						ProvisioningStyle = Automatic;
					};
				};
			};
			buildConfigurationList = 03921C901EF1E80D00DF1757 /* Build configuration list for PBXProject "PCap" */;
			compatibilityVersion = "Xcode 3.2";
			developmentRegion = English;
			hasScannedForEncodings = 0;
			knownRegions = (
				en,
				Base,
			);
			mainGroup = 03921C8C1EF1E80D00DF1757;
			productRefGroup = 03921C961EF1E80D00DF1757 /* Products */;
			projectDirPath = "";
			projectRoot = "";
			targets = (
				03921C941EF1E80D00DF1757 /* PCap */,
			);
		};
/* End PBXProject section */

/* Begin PBXResourcesBuildPhase section */
		03921C931EF1E80D00DF1757 /* Resources */ = {
			isa = PBXResourcesBuildPhase;
			buildActionMask = 2147483647;
			files = (
				03921CA81EF1E80D00DF1757 /* LaunchScreen.storyboard in Resources */,
				03921CA51EF1E80D00DF1757 /* Assets.xcassets in Resources */,
				03921CBC1EF2F77A00DF1757 /* pcap.png in Resources */,
			);
			runOnlyForDeploymentPostprocessing = 0;
		};
/* End PBXResourcesBuildPhase section */

/* Begin PBXSourcesBuildPhase section */
		03921C911EF1E80D00DF1757 /* Sources */ = {
			isa = PBXSourcesBuildPhase;
			buildActionMask = 2147483647;
			files = (
				03921CCE1EF326C400DF1757 /* ArticleWebViewController.m in Sources */,
				03921CCB1EF31E5A00DF1757 /* UIImageView+DownloadImage.m in Sources */,
				03921CB31EF1ED0900DF1757 /* Article.m in Sources */,
				03921CC71EF3122B00DF1757 /* NSString+StringCleanUp.m in Sources */,
				03921CA01EF1E80D00DF1757 /* ViewController.m in Sources */,
				03921C9D1EF1E80D00DF1757 /* AppDelegate.m in Sources */,
				03921C9A1EF1E80D00DF1757 /* main.m in Sources */,
				03921CB71EF1EF5000DF1757 /* ArticleAPI.m in Sources */,
				03921CBA1EF2EE0C00DF1757 /* ArticleCollectionViewCell.m in Sources */,
			);
			runOnlyForDeploymentPostprocessing = 0;
		};
/* End PBXSourcesBuildPhase section */

/* Begin PBXVariantGroup section */
		03921CA61EF1E80D00DF1757 /* LaunchScreen.storyboard */ = {
			isa = PBXVariantGroup;
			children = (
				03921CA71EF1E80D00DF1757 /* Base */,
			);
			name = LaunchScreen.storyboard;
			sourceTree = "<group>";
		};
/* End PBXVariantGroup section */

/* Begin XCBuildConfiguration section */
		03921CAA1EF1E80D00DF1757 /* Debug */ = {
			isa = XCBuildConfiguration;
			buildSettings = {
				ALWAYS_SEARCH_USER_PATHS = NO;
				CLANG_ANALYZER_NONNULL = YES;
				CLANG_ANALYZER_NUMBER_OBJECT_CONVERSION = YES_AGGRESSIVE;
				CLANG_CXX_LANGUAGE_STANDARD = "gnu++0x";
				CLANG_CXX_LIBRARY = "libc++";
				CLANG_ENABLE_MODULES = YES;
				CLANG_ENABLE_OBJC_ARC = YES;
				CLANG_WARN_BOOL_CONVERSION = YES;
				CLANG_WARN_CONSTANT_CONVERSION = YES;
				CLANG_WARN_DIRECT_OBJC_ISA_USAGE = YES_ERROR;
				CLANG_WARN_DOCUMENTATION_COMMENTS = YES;
				CLANG_WARN_EMPTY_BODY = YES;
				CLANG_WARN_ENUM_CONVERSION = YES;
				CLANG_WARN_INFINITE_RECURSION = YES;
				CLANG_WARN_INT_CONVERSION = YES;
				CLANG_WARN_OBJC_ROOT_CLASS = YES_ERROR;
				CLANG_WARN_SUSPICIOUS_MOVE = YES;
				CLANG_WARN_UNREACHABLE_CODE = YES;
				CLANG_WARN__DUPLICATE_METHOD_MATCH = YES;
				"CODE_SIGN_IDENTITY[sdk=iphoneos*]" = "iPhone Developer";
				COPY_PHASE_STRIP = NO;
				DEBUG_INFORMATION_FORMAT = dwarf;
				ENABLE_STRICT_OBJC_MSGSEND = YES;
				ENABLE_TESTABILITY = YES;
				GCC_C_LANGUAGE_STANDARD = gnu99;
				GCC_DYNAMIC_NO_PIC = NO;
				GCC_NO_COMMON_BLOCKS = YES;
				GCC_OPTIMIZATION_LEVEL = 0;
				GCC_PREPROCESSOR_DEFINITIONS = (
					"DEBUG=1",
					"$(inherited)",
				);
				GCC_WARN_64_TO_32_BIT_CONVERSION = YES;
				GCC_WARN_ABOUT_RETURN_TYPE = YES_ERROR;
				GCC_WARN_UNDECLARED_SELECTOR = YES;
				GCC_WARN_UNINITIALIZED_AUTOS = YES_AGGRESSIVE;
				GCC_WARN_UNUSED_FUNCTION = YES;
				GCC_WARN_UNUSED_VARIABLE = YES;
				IPHONEOS_DEPLOYMENT_TARGET = 10.3;
				MTL_ENABLE_DEBUG_INFO = YES;
				ONLY_ACTIVE_ARCH = YES;
				SDKROOT = iphoneos;
				TARGETED_DEVICE_FAMILY = "1,2";
			};
			name = Debug;
		};
		03921CAB1EF1E80D00DF1757 /* Release */ = {
			isa = XCBuildConfiguration;
			buildSettings = {
				ALWAYS_SEARCH_USER_PATHS = NO;
				CLANG_ANALYZER_NONNULL = YES;
				CLANG_ANALYZER_NUMBER_OBJECT_CONVERSION = YES_AGGRESSIVE;
				CLANG_CXX_LANGUAGE_STANDARD = "gnu++0x";
				CLANG_CXX_LIBRARY = "libc++";
				CLANG_ENABLE_MODULES = YES;
				CLANG_ENABLE_OBJC_ARC = YES;
				CLANG_WARN_BOOL_CONVERSION = YES;
				CLANG_WARN_CONSTANT_CONVERSION = YES;
				CLANG_WARN_DIRECT_OBJC_ISA_USAGE = YES_ERROR;
				CLANG_WARN_DOCUMENTATION_COMMENTS = YES;
				CLANG_WARN_EMPTY_BODY = YES;
				CLANG_WARN_ENUM_CONVERSION = YES;
				CLANG_WARN_INFINITE_RECURSION = YES;
				CLANG_WARN_INT_CONVERSION = YES;
				CLANG_WARN_OBJC_ROOT_CLASS = YES_ERROR;
				CLANG_WARN_SUSPICIOUS_MOVE = YES;
				CLANG_WARN_UNREACHABLE_CODE = YES;
				CLANG_WARN__DUPLICATE_METHOD_MATCH = YES;
				"CODE_SIGN_IDENTITY[sdk=iphoneos*]" = "iPhone Developer";
				COPY_PHASE_STRIP = NO;
				DEBUG_INFORMATION_FORMAT = "dwarf-with-dsym";
				ENABLE_NS_ASSERTIONS = NO;
				ENABLE_STRICT_OBJC_MSGSEND = YES;
				GCC_C_LANGUAGE_STANDARD = gnu99;
				GCC_NO_COMMON_BLOCKS = YES;
				GCC_WARN_64_TO_32_BIT_CONVERSION = YES;
				GCC_WARN_ABOUT_RETURN_TYPE = YES_ERROR;
				GCC_WARN_UNDECLARED_SELECTOR = YES;
				GCC_WARN_UNINITIALIZED_AUTOS = YES_AGGRESSIVE;
				GCC_WARN_UNUSED_FUNCTION = YES;
				GCC_WARN_UNUSED_VARIABLE = YES;
				IPHONEOS_DEPLOYMENT_TARGET = 10.3;
				MTL_ENABLE_DEBUG_INFO = NO;
				SDKROOT = iphoneos;
				TARGETED_DEVICE_FAMILY = "1,2";
				VALIDATE_PRODUCT = YES;
			};
			name = Release;
		};
		03921CAD1EF1E80D00DF1757 /* Debug */ = {
			isa = XCBuildConfiguration;
			buildSettings = {
				ASSETCATALOG_COMPILER_APPICON_NAME = AppIcon;
				DEVELOPMENT_TEAM = F9E934J8Z2;
				INFOPLIST_FILE = PCap/Info.plist;
				LD_RUNPATH_SEARCH_PATHS = "$(inherited) @executable_path/Frameworks";
				PRODUCT_BUNDLE_IDENTIFIER = com.kaseybaughan.PCap;
				PRODUCT_NAME = "$(TARGET_NAME)";
			};
			name = Debug;
		};
		03921CAE1EF1E80D00DF1757 /* Release */ = {
			isa = XCBuildConfiguration;
			buildSettings = {
				ASSETCATALOG_COMPILER_APPICON_NAME = AppIcon;
				DEVELOPMENT_TEAM = F9E934J8Z2;
				INFOPLIST_FILE = PCap/Info.plist;
				LD_RUNPATH_SEARCH_PATHS = "$(inherited) @executable_path/Frameworks";
				PRODUCT_BUNDLE_IDENTIFIER = com.kaseybaughan.PCap;
				PRODUCT_NAME = "$(TARGET_NAME)";
			};
			name = Release;
		};
/* End XCBuildConfiguration section */

/* Begin XCConfigurationList section */
		03921C901EF1E80D00DF1757 /* Build configuration list for PBXProject "PCap" */ = {
			isa = XCConfigurationList;
			buildConfigurations = (
				03921CAA1EF1E80D00DF1757 /* Debug */,
				03921CAB1EF1E80D00DF1757 /* Release */,
			);
			defaultConfigurationIsVisible = 0;
			defaultConfigurationName = Release;
		};
		03921CAC1EF1E80D00DF1757 /* Build configuration list for PBXNativeTarget "PCap" */ = {
			isa = XCConfigurationList;
			buildConfigurations = (
				03921CAD1EF1E80D00DF1757 /* Debug */,
				03921CAE1EF1E80D00DF1757 /* Release */,
			);
			defaultConfigurationIsVisible = 0;
		};
/* End XCConfigurationList section */
	};
	rootObject = 03921C8D1EF1E80D00DF1757 /* Project object */;
}
